
Microsoft Visual Studio Solution File, Format Version 12.00
# Visual Studio Version 16
VisualStudioVersion = 16.0.29102.190
MinimumVisualStudioVersion = 10.0.40219.1
Project("{FAE04EC0-301F-11D3-BF4B-00C04F79EFBC}") = "MandelRender", "MandelRender\MandelRender.csproj", "{4424A263-0894-4B30-B8CF-C09B5E5C3B86}"
EndProject
Global
	GlobalSection(SolutionConfigurationPlatforms) = preSolution
		Debug|Any CPU = Debug|Any CPU
		Release|Any CPU = Release|Any CPU
	EndGlobalSection
	GlobalSection(ProjectConfigurationPlatforms) = postSolution
		{4424A263-0894-4B30-B8CF-C09B5E5C3B86}.Debug|Any CPU.ActiveCfg = Debug|Any CPU
		{4424A263-0894-4B30-B8CF-C09B5E5C3B86}.Debug|Any CPU.Build.0 = Debug|Any CPU
		{4424A263-0894-4B30-B8CF-C09B5E5C3B86}.Release|Any CPU.ActiveCfg = Release|Any CPU
		{4424A263-0894-4B30-B8CF-C09B5E5C3B86}.Release|Any CPU.Build.0 = Release|Any CPU
	EndGlobalSection
	GlobalSection(SolutionProperties) = preSolution
		HideSolutionNode = FALSE
	EndGlobalSection
	GlobalSection(ExtensibilityGlobals) = postSolution
		SolutionGuid = {4098680A-BA6B-47A7-9084-8BC30B7BD0E6}
	EndGlobalSection
EndGlobal
